
Microsoft Visual Studio Solution File, Format Version 12.00
# Visual Studio 15
VisualStudioVersion = 15.0.26730.16
MinimumVisualStudioVersion = 10.0.40219.1
Project("{FAE04EC0-301F-11D3-BF4B-00C04F79EFBC}") = "Comp229-Assign01", "Comp229-Assign01\Comp229-Assign01.csproj", "{CA513A4F-95BB-43AA-A93B-92FC0E1A3D9D}"
EndProject
Global
	GlobalSection(SolutionConfigurationPlatforms) = preSolution
		Debug|Any CPU = Debug|Any CPU
		Release|Any CPU = Release|Any CPU
	EndGlobalSection
	GlobalSection(ProjectConfigurationPlatforms) = postSolution
		{CA513A4F-95BB-43AA-A93B-92FC0E1A3D9D}.Debug|Any CPU.ActiveCfg = Debug|Any CPU
		{CA513A4F-95BB-43AA-A93B-92FC0E1A3D9D}.Debug|Any CPU.Build.0 = Debug|Any CPU
		{CA513A4F-95BB-43AA-A93B-92FC0E1A3D9D}.Release|Any CPU.ActiveCfg = Release|Any CPU
		{CA513A4F-95BB-43AA-A93B-92FC0E1A3D9D}.Release|Any CPU.Build.0 = Release|Any CPU
	EndGlobalSection
	GlobalSection(SolutionProperties) = preSolution
		HideSolutionNode = FALSE
	EndGlobalSection
	GlobalSection(ExtensibilityGlobals) = postSolution
		SolutionGuid = {69FB6A31-2D6E-42E0-97A2-18233CEA510F}
	EndGlobalSection
EndGlobal
